// !$*UTF8*$!
{
	archiveVersion = 1;
	classes = {
	};
	objectVersion = 55;
	objects = {

/* Begin PBXBuildFile section */
		40F8C40E27A4AB26006051E0 /* AppDelegate.swift in Sources */ = {isa = PBXBuildFile; fileRef = 40F8C40D27A4AB26006051E0 /* AppDelegate.swift */; };
		40F8C41027A4AB26006051E0 /* SceneDelegate.swift in Sources */ = {isa = PBXBuildFile; fileRef = 40F8C40F27A4AB26006051E0 /* SceneDelegate.swift */; };
		40F8C41227A4AB26006051E0 /* ViewController.swift in Sources */ = {isa = PBXBuildFile; fileRef = 40F8C41127A4AB26006051E0 /* ViewController.swift */; };
		40F8C41527A4AB26006051E0 /* Main.storyboard in Resources */ = {isa = PBXBuildFile; fileRef = 40F8C41327A4AB26006051E0 /* Main.storyboard */; };
		40F8C41727A4AB2E006051E0 /* Assets.xcassets in Resources */ = {isa = PBXBuildFile; fileRef = 40F8C41627A4AB2E006051E0 /* Assets.xcassets */; };
		40F8C41A27A4AB2E006051E0 /* LaunchScreen.storyboard in Resources */ = {isa = PBXBuildFile; fileRef = 40F8C41827A4AB2E006051E0 /* LaunchScreen.storyboard */; };
		40F8C42527A4AB2E006051E0 /* PreworkTests.swift in Sources */ = {isa = PBXBuildFile; fileRef = 40F8C42427A4AB2E006051E0 /* PreworkTests.swift */; };
		40F8C42F27A4AB2F006051E0 /* PreworkUITests.swift in Sources */ = {isa = PBXBuildFile; fileRef = 40F8C42E27A4AB2F006051E0 /* PreworkUITests.swift */; };
		40F8C43127A4AB2F006051E0 /* PreworkUITestsLaunchTests.swift in Sources */ = {isa = PBXBuildFile; fileRef = 40F8C43027A4AB2F006051E0 /* PreworkUITestsLaunchTests.swift */; };
/* End PBXBuildFile section */

/* Begin PBXContainerItemProxy section */
		40F8C42127A4AB2E006051E0 /* PBXContainerItemProxy */ = {
			isa = PBXContainerItemProxy;
			containerPortal = 40F8C40227A4AB26006051E0 /* Project object */;
			proxyType = 1;
			remoteGlobalIDString = 40F8C40927A4AB26006051E0;
			remoteInfo = Prework;
		};
		40F8C42B27A4AB2F006051E0 /* PBXContainerItemProxy */ = {
			isa = PBXContainerItemProxy;
			containerPortal = 40F8C40227A4AB26006051E0 /* Project object */;
			proxyType = 1;
			remoteGlobalIDString = 40F8C40927A4AB26006051E0;
			remoteInfo = Prework;
		};
/* End PBXContainerItemProxy section */

/* Begin PBXFileReference section */
		40F8C40A27A4AB26006051E0 /* Prework.app */ = {isa = PBXFileReference; explicitFileType = wrapper.application; includeInIndex = 0; path = Prework.app; sourceTree = BUILT_PRODUCTS_DIR; };
		40F8C40D27A4AB26006051E0 /* AppDelegate.swift */ = {isa = PBXFileReference; lastKnownFileType = sourcecode.swift; path = AppDelegate.swift; sourceTree = "<group>"; };
		40F8C40F27A4AB26006051E0 /* SceneDelegate.swift */ = {isa = PBXFileReference; lastKnownFileType = sourcecode.swift; path = SceneDelegate.swift; sourceTree = "<group>"; };
		40F8C41127A4AB26006051E0 /* ViewController.swift */ = {isa = PBXFileReference; lastKnownFileType = sourcecode.swift; path = ViewController.swift; sourceTree = "<group>"; };
		40F8C41427A4AB26006051E0 /* Base */ = {isa = PBXFileReference; lastKnownFileType = file.storyboard; name = Base; path = Base.lproj/Main.storyboard; sourceTree = "<group>"; };
		40F8C41627A4AB2E006051E0 /* Assets.xcassets */ = {isa = PBXFileReference; lastKnownFileType = folder.assetcatalog; path = Assets.xcassets; sourceTree = "<group>"; };
		40F8C41927A4AB2E006051E0 /* Base */ = {isa = PBXFileReference; lastKnownFileType = file.storyboard; name = Base; path = Base.lproj/LaunchScreen.storyboard; sourceTree = "<group>"; };
		40F8C41B27A4AB2E006051E0 /* Info.plist */ = {isa = PBXFileReference; lastKnownFileType = text.plist.xml; path = Info.plist; sourceTree = "<group>"; };
		40F8C42027A4AB2E006051E0 /* PreworkTests.xctest */ = {isa = PBXFileReference; explicitFileType = wrapper.cfbundle; includeInIndex = 0; path = PreworkTests.xctest; sourceTree = BUILT_PRODUCTS_DIR; };
		40F8C42427A4AB2E006051E0 /* PreworkTests.swift */ = {isa = PBXFileReference; lastKnownFileType = sourcecode.swift; path = PreworkTests.swift; sourceTree = "<group>"; };
		40F8C42A27A4AB2F006051E0 /* PreworkUITests.xctest */ = {isa = PBXFileReference; explicitFileType = wrapper.cfbundle; includeInIndex = 0; path = PreworkUITests.xctest; sourceTree = BUILT_PRODUCTS_DIR; };
		40F8C42E27A4AB2F006051E0 /* PreworkUITests.swift */ = {isa = PBXFileReference; lastKnownFileType = sourcecode.swift; path = PreworkUITests.swift; sourceTree = "<group>"; };
		40F8C43027A4AB2F006051E0 /* PreworkUITestsLaunchTests.swift */ = {isa = PBXFileReference; lastKnownFileType = sourcecode.swift; path = PreworkUITestsLaunchTests.swift; sourceTree = "<group>"; };
/* End PBXFileReference section */

/* Begin PBXFrameworksBuildPhase section */
		40F8C40727A4AB26006051E0 /* Frameworks */ = {
			isa = PBXFrameworksBuildPhase;
			buildActionMask = 2147483647;
			files = (
			);
			runOnlyForDeploymentPostprocessing = 0;
		};
		40F8C41D27A4AB2E006051E0 /* Frameworks */ = {
			isa = PBXFrameworksBuildPhase;
			buildActionMask = 2147483647;
			files = (
			);
			runOnlyForDeploymentPostprocessing = 0;
		};
		40F8C42727A4AB2F006051E0 /* Frameworks */ = {
			isa = PBXFrameworksBuildPhase;
			buildActionMask = 2147483647;
			files = (
			);
			runOnlyForDeploymentPostprocessing = 0;
		};
/* End PBXFrameworksBuildPhase section */

/* Begin PBXGroup section */
		40F8C40127A4AB26006051E0 = {
			isa = PBXGroup;
			children = (
				40F8C40C27A4AB26006051E0 /* Prework */,
				40F8C42327A4AB2E006051E0 /* PreworkTests */,
				40F8C42D27A4AB2F006051E0 /* PreworkUITests */,
				40F8C40B27A4AB26006051E0 /* Products */,
			);
			sourceTree = "<group>";
		};
		40F8C40B27A4AB26006051E0 /* Products */ = {
			isa = PBXGroup;
			children = (
				40F8C40A27A4AB26006051E0 /* Prework.app */,
				40F8C42027A4AB2E006051E0 /* PreworkTests.xctest */,
				40F8C42A27A4AB2F006051E0 /* PreworkUITests.xctest */,
			);
			name = Products;
			sourceTree = "<group>";
		};
		40F8C40C27A4AB26006051E0 /* Prework */ = {
			isa = PBXGroup;
			children = (
				40F8C40D27A4AB26006051E0 /* AppDelegate.swift */,
				40F8C40F27A4AB26006051E0 /* SceneDelegate.swift */,
				40F8C41127A4AB26006051E0 /* ViewController.swift */,
				40F8C41327A4AB26006051E0 /* Main.storyboard */,
				40F8C41627A4AB2E006051E0 /* Assets.xcassets */,
				40F8C41827A4AB2E006051E0 /* LaunchScreen.storyboard */,
				40F8C41B27A4AB2E006051E0 /* Info.plist */,
			);
			path = Prework;
			sourceTree = "<group>";
		};
		40F8C42327A4AB2E006051E0 /* PreworkTests */ = {
			isa = PBXGroup;
			children = (
				40F8C42427A4AB2E006051E0 /* PreworkTests.swift */,
			);
			path = PreworkTests;
			sourceTree = "<group>";
		};
		40F8C42D27A4AB2F006051E0 /* PreworkUITests */ = {
			isa = PBXGroup;
			children = (
				40F8C42E27A4AB2F006051E0 /* PreworkUITests.swift */,
				40F8C43027A4AB2F006051E0 /* PreworkUITestsLaunchTests.swift */,
			);
			path = PreworkUITests;
			sourceTree = "<group>";
		};
/* End PBXGroup section */

/* Begin PBXNativeTarget section */
		40F8C40927A4AB26006051E0 /* Prework */ = {
			isa = PBXNativeTarget;
			buildConfigurationList = 40F8C43427A4AB2F006051E0 /* Build configuration list for PBXNativeTarget "Prework" */;
			buildPhases = (
				40F8C40627A4AB26006051E0 /* Sources */,
				40F8C40727A4AB26006051E0 /* Frameworks */,
				40F8C40827A4AB26006051E0 /* Resources */,
			);
			buildRules = (
			);
			dependencies = (
			);
			name = Prework;
			productName = Prework;
			productReference = 40F8C40A27A4AB26006051E0 /* Prework.app */;
			productType = "com.apple.product-type.application";
		};
		40F8C41F27A4AB2E006051E0 /* PreworkTests */ = {
			isa = PBXNativeTarget;
			buildConfigurationList = 40F8C43727A4AB2F006051E0 /* Build configuration list for PBXNativeTarget "PreworkTests" */;
			buildPhases = (
				40F8C41C27A4AB2E006051E0 /* Sources */,
				40F8C41D27A4AB2E006051E0 /* Frameworks */,
				40F8C41E27A4AB2E006051E0 /* Resources */,
			);
			buildRules = (
			);
			dependencies = (
				40F8C42227A4AB2E006051E0 /* PBXTargetDependency */,
			);
			name = PreworkTests;
			productName = PreworkTests;
			productReference = 40F8C42027A4AB2E006051E0 /* PreworkTests.xctest */;
			productType = "com.apple.product-type.bundle.unit-test";
		};
		40F8C42927A4AB2F006051E0 /* PreworkUITests */ = {
			isa = PBXNativeTarget;
			buildConfigurationList = 40F8C43A27A4AB2F006051E0 /* Build configuration list for PBXNativeTarget "PreworkUITests" */;
			buildPhases = (
				40F8C42627A4AB2F006051E0 /* Sources */,
				40F8C42727A4AB2F006051E0 /* Frameworks */,
				40F8C42827A4AB2F006051E0 /* Resources */,
			);
			buildRules = (
			);
			dependencies = (
				40F8C42C27A4AB2F006051E0 /* PBXTargetDependency */,
			);
			name = PreworkUITests;
			productName = PreworkUITests;
			productReference = 40F8C42A27A4AB2F006051E0 /* PreworkUITests.xctest */;
			productType = "com.apple.product-type.bundle.ui-testing";
		};
/* End PBXNativeTarget section */

/* Begin PBXProject section */
		40F8C40227A4AB26006051E0 /* Project object */ = {
			isa = PBXProject;
			attributes = {
				BuildIndependentTargetsInParallel = 1;
				LastSwiftUpdateCheck = 1320;
				LastUpgradeCheck = 1320;
				TargetAttributes = {
					40F8C40927A4AB26006051E0 = {
						CreatedOnToolsVersion = 13.2.1;
					};
					40F8C41F27A4AB2E006051E0 = {
						CreatedOnToolsVersion = 13.2.1;
						TestTargetID = 40F8C40927A4AB26006051E0;
					};
					40F8C42927A4AB2F006051E0 = {
						CreatedOnToolsVersion = 13.2.1;
						TestTargetID = 40F8C40927A4AB26006051E0;
					};
				};
			};
			buildConfigurationList = 40F8C40527A4AB26006051E0 /* Build configuration list for PBXProject "Prework" */;
			compatibilityVersion = "Xcode 13.0";
			developmentRegion = en;
			hasScannedForEncodings = 0;
			knownRegions = (
				en,
				Base,
			);
			mainGroup = 40F8C40127A4AB26006051E0;
			productRefGroup = 40F8C40B27A4AB26006051E0 /* Products */;
			projectDirPath = "";
			projectRoot = "";
			targets = (
				40F8C40927A4AB26006051E0 /* Prework */,
				40F8C41F27A4AB2E006051E0 /* PreworkTests */,
				40F8C42927A4AB2F006051E0 /* PreworkUITests */,
			);
		};
/* End PBXProject section */

/* Begin PBXResourcesBuildPhase section */
		40F8C40827A4AB26006051E0 /* Resources */ = {
			isa = PBXResourcesBuildPhase;
			buildActionMask = 2147483647;
			files = (
				40F8C41A27A4AB2E006051E0 /* LaunchScreen.storyboard in Resources */,
				40F8C41727A4AB2E006051E0 /* Assets.xcassets in Resources */,
				40F8C41527A4AB26006051E0 /* Main.storyboard in Resources */,
			);
			runOnlyForDeploymentPostprocessing = 0;
		};
		40F8C41E27A4AB2E006051E0 /* Resources */ = {
			isa = PBXResourcesBuildPhase;
			buildActionMask = 2147483647;
			files = (
			);
			runOnlyForDeploymentPostprocessing = 0;
		};
		40F8C42827A4AB2F006051E0 /* Resources */ = {
			isa = PBXResourcesBuildPhase;
			buildActionMask = 2147483647;
			files = (
			);
			runOnlyForDeploymentPostprocessing = 0;
		};
/* End PBXResourcesBuildPhase section */

/* Begin PBXSourcesBuildPhase section */
		40F8C40627A4AB26006051E0 /* Sources */ = {
			isa = PBXSourcesBuildPhase;
			buildActionMask = 2147483647;
			files = (
				40F8C41227A4AB26006051E0 /* ViewController.swift in Sources */,
				40F8C40E27A4AB26006051E0 /* AppDelegate.swift in Sources */,
				40F8C41027A4AB26006051E0 /* SceneDelegate.swift in Sources */,
			);
			runOnlyForDeploymentPostprocessing = 0;
		};
		40F8C41C27A4AB2E006051E0 /* Sources */ = {
			isa = PBXSourcesBuildPhase;
			buildActionMask = 2147483647;
			files = (
				40F8C42527A4AB2E006051E0 /* PreworkTests.swift in Sources */,
			);
			runOnlyForDeploymentPostprocessing = 0;
		};
		40F8C42627A4AB2F006051E0 /* Sources */ = {
			isa = PBXSourcesBuildPhase;
			buildActionMask = 2147483647;
			files = (
				40F8C42F27A4AB2F006051E0 /* PreworkUITests.swift in Sources */,
				40F8C43127A4AB2F006051E0 /* PreworkUITestsLaunchTests.swift in Sources */,
			);
			runOnlyForDeploymentPostprocessing = 0;
		};
/* End PBXSourcesBuildPhase section */

/* Begin PBXTargetDependency section */
		40F8C42227A4AB2E006051E0 /* PBXTargetDependency */ = {
			isa = PBXTargetDependency;
			target = 40F8C40927A4AB26006051E0 /* Prework */;
			targetProxy = 40F8C42127A4AB2E006051E0 /* PBXContainerItemProxy */;
		};
		40F8C42C27A4AB2F006051E0 /* PBXTargetDependency */ = {
			isa = PBXTargetDependency;
			target = 40F8C40927A4AB26006051E0 /* Prework */;
			targetProxy = 40F8C42B27A4AB2F006051E0 /* PBXContainerItemProxy */;
		};
/* End PBXTargetDependency section */

/* Begin PBXVariantGroup section */
		40F8C41327A4AB26006051E0 /* Main.storyboard */ = {
			isa = PBXVariantGroup;
			children = (
				40F8C41427A4AB26006051E0 /* Base */,
			);
			name = Main.storyboard;
			sourceTree = "<group>";
		};
		40F8C41827A4AB2E006051E0 /* LaunchScreen.storyboard */ = {
			isa = PBXVariantGroup;
			children = (
				40F8C41927A4AB2E006051E0 /* Base */,
			);
			name = LaunchScreen.storyboard;
			sourceTree = "<group>";
		};
/* End PBXVariantGroup section */

/* Begin XCBuildConfiguration section */
		40F8C43227A4AB2F006051E0 /* Debug */ = {
			isa = XCBuildConfiguration;
			buildSettings = {
				ALWAYS_SEARCH_USER_PATHS = NO;
				CLANG_ANALYZER_NONNULL = YES;
				CLANG_ANALYZER_NUMBER_OBJECT_CONVERSION = YES_AGGRESSIVE;
				CLANG_CXX_LANGUAGE_STANDARD = "gnu++17";
				CLANG_CXX_LIBRARY = "libc++";
				CLANG_ENABLE_MODULES = YES;
				CLANG_ENABLE_OBJC_ARC = YES;
				CLANG_ENABLE_OBJC_WEAK = YES;
				CLANG_WARN_BLOCK_CAPTURE_AUTORELEASING = YES;
				CLANG_WARN_BOOL_CONVERSION = YES;
				CLANG_WARN_COMMA = YES;
				CLANG_WARN_CONSTANT_CONVERSION = YES;
				CLANG_WARN_DEPRECATED_OBJC_IMPLEMENTATIONS = YES;
				CLANG_WARN_DIRECT_OBJC_ISA_USAGE = YES_ERROR;
				CLANG_WARN_DOCUMENTATION_COMMENTS = YES;
				CLANG_WARN_EMPTY_BODY = YES;
				CLANG_WARN_ENUM_CONVERSION = YES;
				CLANG_WARN_INFINITE_RECURSION = YES;
				CLANG_WARN_INT_CONVERSION = YES;
				CLANG_WARN_NON_LITERAL_NULL_CONVERSION = YES;
				CLANG_WARN_OBJC_IMPLICIT_RETAIN_SELF = YES;
				CLANG_WARN_OBJC_LITERAL_CONVERSION = YES;
				CLANG_WARN_OBJC_ROOT_CLASS = YES_ERROR;
				CLANG_WARN_QUOTED_INCLUDE_IN_FRAMEWORK_HEADER = YES;
				CLANG_WARN_RANGE_LOOP_ANALYSIS = YES;
				CLANG_WARN_STRICT_PROTOTYPES = YES;
				CLANG_WARN_SUSPICIOUS_MOVE = YES;
				CLANG_WARN_UNGUARDED_AVAILABILITY = YES_AGGRESSIVE;
				CLANG_WARN_UNREACHABLE_CODE = YES;
				CLANG_WARN__DUPLICATE_METHOD_MATCH = YES;
				COPY_PHASE_STRIP = NO;
				DEBUG_INFORMATION_FORMAT = dwarf;
				ENABLE_STRICT_OBJC_MSGSEND = YES;
				ENABLE_TESTABILITY = YES;
				GCC_C_LANGUAGE_STANDARD = gnu11;
				GCC_DYNAMIC_NO_PIC = NO;
				GCC_NO_COMMON_BLOCKS = YES;
				GCC_OPTIMIZATION_LEVEL = 0;
				GCC_PREPROCESSOR_DEFINITIONS = (
					"DEBUG=1",
					"$(inherited)",
				);
				GCC_WARN_64_TO_32_BIT_CONVERSION = YES;
				GCC_WARN_ABOUT_RETURN_TYPE = YES_ERROR;
				GCC_WARN_UNDECLARED_SELECTOR = YES;
				GCC_WARN_UNINITIALIZED_AUTOS = YES_AGGRESSIVE;
				GCC_WARN_UNUSED_FUNCTION = YES;
				GCC_WARN_UNUSED_VARIABLE = YES;
				IPHONEOS_DEPLOYMENT_TARGET = 15.2;
				MTL_ENABLE_DEBUG_INFO = INCLUDE_SOURCE;
				MTL_FAST_MATH = YES;
				ONLY_ACTIVE_ARCH = YES;
				SDKROOT = iphoneos;
				SWIFT_ACTIVE_COMPILATION_CONDITIONS = DEBUG;
				SWIFT_OPTIMIZATION_LEVEL = "-Onone";
			};
			name = Debug;
		};
		40F8C43327A4AB2F006051E0 /* Release */ = {
			isa = XCBuildConfiguration;
			buildSettings = {
				ALWAYS_SEARCH_USER_PATHS = NO;
				CLANG_ANALYZER_NONNULL = YES;
				CLANG_ANALYZER_NUMBER_OBJECT_CONVERSION = YES_AGGRESSIVE;
				CLANG_CXX_LANGUAGE_STANDARD = "gnu++17";
				CLANG_CXX_LIBRARY = "libc++";
				CLANG_ENABLE_MODULES = YES;
				CLANG_ENABLE_OBJC_ARC = YES;
				CLANG_ENABLE_OBJC_WEAK = YES;
				CLANG_WARN_BLOCK_CAPTURE_AUTORELEASING = YES;
				CLANG_WARN_BOOL_CONVERSION = YES;
				CLANG_WARN_COMMA = YES;
				CLANG_WARN_CONSTANT_CONVERSION = YES;
				CLANG_WARN_DEPRECATED_OBJC_IMPLEMENTATIONS = YES;
				CLANG_WARN_DIRECT_OBJC_ISA_USAGE = YES_ERROR;
				CLANG_WARN_DOCUMENTATION_COMMENTS = YES;
				CLANG_WARN_EMPTY_BODY = YES;
				CLANG_WARN_ENUM_CONVERSION = YES;
				CLANG_WARN_INFINITE_RECURSION = YES;
				CLANG_WARN_INT_CONVERSION = YES;
				CLANG_WARN_NON_LITERAL_NULL_CONVERSION = YES;
				CLANG_WARN_OBJC_IMPLICIT_RETAIN_SELF = YES;
				CLANG_WARN_OBJC_LITERAL_CONVERSION = YES;
				CLANG_WARN_OBJC_ROOT_CLASS = YES_ERROR;
				CLANG_WARN_QUOTED_INCLUDE_IN_FRAMEWORK_HEADER = YES;
				CLANG_WARN_RANGE_LOOP_ANALYSIS = YES;
				CLANG_WARN_STRICT_PROTOTYPES = YES;
				CLANG_WARN_SUSPICIOUS_MOVE = YES;
				CLANG_WARN_UNGUARDED_AVAILABILITY = YES_AGGRESSIVE;
				CLANG_WARN_UNREACHABLE_CODE = YES;
				CLANG_WARN__DUPLICATE_METHOD_MATCH = YES;
				COPY_PHASE_STRIP = NO;
				DEBUG_INFORMATION_FORMAT = "dwarf-with-dsym";
				ENABLE_NS_ASSERTIONS = NO;
				ENABLE_STRICT_OBJC_MSGSEND = YES;
				GCC_C_LANGUAGE_STANDARD = gnu11;
				GCC_NO_COMMON_BLOCKS = YES;
				GCC_WARN_64_TO_32_BIT_CONVERSION = YES;
				GCC_WARN_ABOUT_RETURN_TYPE = YES_ERROR;
				GCC_WARN_UNDECLARED_SELECTOR = YES;
				GCC_WARN_UNINITIALIZED_AUTOS = YES_AGGRESSIVE;
				GCC_WARN_UNUSED_FUNCTION = YES;
				GCC_WARN_UNUSED_VARIABLE = YES;
				IPHONEOS_DEPLOYMENT_TARGET = 15.2;
				MTL_ENABLE_DEBUG_INFO = NO;
				MTL_FAST_MATH = YES;
				SDKROOT = iphoneos;
				SWIFT_COMPILATION_MODE = wholemodule;
				SWIFT_OPTIMIZATION_LEVEL = "-O";
				VALIDATE_PRODUCT = YES;
			};
			name = Release;
		};
		40F8C43527A4AB2F006051E0 /* Debug */ = {
			isa = XCBuildConfiguration;
			buildSettings = {
				ASSETCATALOG_COMPILER_APPICON_NAME = AppIcon;
				ASSETCATALOG_COMPILER_GLOBAL_ACCENT_COLOR_NAME = AccentColor;
				CODE_SIGN_STYLE = Automatic;
				CURRENT_PROJECT_VERSION = 1;
				GENERATE_INFOPLIST_FILE = YES;
				INFOPLIST_FILE = Prework/Info.plist;
				INFOPLIST_KEY_UIApplicationSupportsIndirectInputEvents = YES;
				INFOPLIST_KEY_UILaunchStoryboardName = LaunchScreen;
				INFOPLIST_KEY_UIMainStoryboardFile = Main;
				INFOPLIST_KEY_UISupportedInterfaceOrientations_iPad = "UIInterfaceOrientationPortrait UIInterfaceOrientationPortraitUpsideDown UIInterfaceOrientationLandscapeLeft UIInterfaceOrientationLandscapeRight";
				INFOPLIST_KEY_UISupportedInterfaceOrientations_iPhone = "UIInterfaceOrientationPortrait UIInterfaceOrientationLandscapeLeft UIInterfaceOrientationLandscapeRight";
				LD_RUNPATH_SEARCH_PATHS = (
					"$(inherited)",
					"@executable_path/Frameworks",
				);
				MARKETING_VERSION = 1.0;
				PRODUCT_BUNDLE_IDENTIFIER = codepath0.Prework;
				PRODUCT_NAME = "$(TARGET_NAME)";
				SWIFT_EMIT_LOC_STRINGS = YES;
				SWIFT_VERSION = 5.0;
				TARGETED_DEVICE_FAMILY = "1,2";
			};
			name = Debug;
		};
		40F8C43627A4AB2F006051E0 /* Release */ = {
			isa = XCBuildConfiguration;
			buildSettings = {
				ASSETCATALOG_COMPILER_APPICON_NAME = AppIcon;
				ASSETCATALOG_COMPILER_GLOBAL_ACCENT_COLOR_NAME = AccentColor;
				CODE_SIGN_STYLE = Automatic;
				CURRENT_PROJECT_VERSION = 1;
				GENERATE_INFOPLIST_FILE = YES;
				INFOPLIST_FILE = Prework/Info.plist;
				INFOPLIST_KEY_UIApplicationSupportsIndirectInputEvents = YES;
				INFOPLIST_KEY_UILaunchStoryboardName = LaunchScreen;
				INFOPLIST_KEY_UIMainStoryboardFile = Main;
				INFOPLIST_KEY_UISupportedInterfaceOrientations_iPad = "UIInterfaceOrientationPortrait UIInterfaceOrientationPortraitUpsideDown UIInterfaceOrientationLandscapeLeft UIInterfaceOrientationLandscapeRight";
				INFOPLIST_KEY_UISupportedInterfaceOrientations_iPhone = "UIInterfaceOrientationPortrait UIInterfaceOrientationLandscapeLeft UIInterfaceOrientationLandscapeRight";
				LD_RUNPATH_SEARCH_PATHS = (
					"$(inherited)",
					"@executable_path/Frameworks",
				);
				MARKETING_VERSION = 1.0;
				PRODUCT_BUNDLE_IDENTIFIER = codepath0.Prework;
				PRODUCT_NAME = "$(TARGET_NAME)";
				SWIFT_EMIT_LOC_STRINGS = YES;
				SWIFT_VERSION = 5.0;
				TARGETED_DEVICE_FAMILY = "1,2";
			};
			name = Release;
		};
		40F8C43827A4AB2F006051E0 /* Debug */ = {
			isa = XCBuildConfiguration;
			buildSettings = {
				ALWAYS_EMBED_SWIFT_STANDARD_LIBRARIES = YES;
				BUNDLE_LOADER = "$(TEST_HOST)";
				CODE_SIGN_STYLE = Automatic;
				CURRENT_PROJECT_VERSION = 1;
				GENERATE_INFOPLIST_FILE = YES;
				IPHONEOS_DEPLOYMENT_TARGET = 15.2;
				MARKETING_VERSION = 1.0;
				PRODUCT_BUNDLE_IDENTIFIER = codepath0.PreworkTests;
				PRODUCT_NAME = "$(TARGET_NAME)";
				SWIFT_EMIT_LOC_STRINGS = NO;
				SWIFT_VERSION = 5.0;
				TARGETED_DEVICE_FAMILY = "1,2";
				TEST_HOST = "$(BUILT_PRODUCTS_DIR)/Prework.app/Prework";
			};
			name = Debug;
		};
		40F8C43927A4AB2F006051E0 /* Release */ = {
			isa = XCBuildConfiguration;
			buildSettings = {
				ALWAYS_EMBED_SWIFT_STANDARD_LIBRARIES = YES;
				BUNDLE_LOADER = "$(TEST_HOST)";
				CODE_SIGN_STYLE = Automatic;
				CURRENT_PROJECT_VERSION = 1;
				GENERATE_INFOPLIST_FILE = YES;
				IPHONEOS_DEPLOYMENT_TARGET = 15.2;
				MARKETING_VERSION = 1.0;
				PRODUCT_BUNDLE_IDENTIFIER = codepath0.PreworkTests;
				PRODUCT_NAME = "$(TARGET_NAME)";
				SWIFT_EMIT_LOC_STRINGS = NO;
				SWIFT_VERSION = 5.0;
				TARGETED_DEVICE_FAMILY = "1,2";
				TEST_HOST = "$(BUILT_PRODUCTS_DIR)/Prework.app/Prework";
			};
			name = Release;
		};
		40F8C43B27A4AB2F006051E0 /* Debug */ = {
			isa = XCBuildConfiguration;
			buildSettings = {
				ALWAYS_EMBED_SWIFT_STANDARD_LIBRARIES = YES;
				CODE_SIGN_STYLE = Automatic;
				CURRENT_PROJECT_VERSION = 1;
				GENERATE_INFOPLIST_FILE = YES;
				MARKETING_VERSION = 1.0;
				PRODUCT_BUNDLE_IDENTIFIER = codepath0.PreworkUITests;
				PRODUCT_NAME = "$(TARGET_NAME)";
				SWIFT_EMIT_LOC_STRINGS = NO;
				SWIFT_VERSION = 5.0;
				TARGETED_DEVICE_FAMILY = "1,2";
				TEST_TARGET_NAME = Prework;
			};
			name = Debug;
		};
		40F8C43C27A4AB2F006051E0 /* Release */ = {
			isa = XCBuildConfiguration;
			buildSettings = {
				ALWAYS_EMBED_SWIFT_STANDARD_LIBRARIES = YES;
				CODE_SIGN_STYLE = Automatic;
				CURRENT_PROJECT_VERSION = 1;
				GENERATE_INFOPLIST_FILE = YES;
				MARKETING_VERSION = 1.0;
				PRODUCT_BUNDLE_IDENTIFIER = codepath0.PreworkUITests;
				PRODUCT_NAME = "$(TARGET_NAME)";
				SWIFT_EMIT_LOC_STRINGS = NO;
				SWIFT_VERSION = 5.0;
				TARGETED_DEVICE_FAMILY = "1,2";
				TEST_TARGET_NAME = Prework;
			};
			name = Release;
		};
/* End XCBuildConfiguration section */

/* Begin XCConfigurationList section */
		40F8C40527A4AB26006051E0 /* Build configuration list for PBXProject "Prework" */ = {
			isa = XCConfigurationList;
			buildConfigurations = (
				40F8C43227A4AB2F006051E0 /* Debug */,
				40F8C43327A4AB2F006051E0 /* Release */,
			);
			defaultConfigurationIsVisible = 0;
			defaultConfigurationName = Release;
		};
		40F8C43427A4AB2F006051E0 /* Build configuration list for PBXNativeTarget "Prework" */ = {
			isa = XCConfigurationList;
			buildConfigurations = (
				40F8C43527A4AB2F006051E0 /* Debug */,
				40F8C43627A4AB2F006051E0 /* Release */,
			);
			defaultConfigurationIsVisible = 0;
			defaultConfigurationName = Release;
		};
		40F8C43727A4AB2F006051E0 /* Build configuration list for PBXNativeTarget "PreworkTests" */ = {
			isa = XCConfigurationList;
			buildConfigurations = (
				40F8C43827A4AB2F006051E0 /* Debug */,
				40F8C43927A4AB2F006051E0 /* Release */,
			);
			defaultConfigurationIsVisible = 0;
			defaultConfigurationName = Release;
		};
		40F8C43A27A4AB2F006051E0 /* Build configuration list for PBXNativeTarget "PreworkUITests" */ = {
			isa = XCConfigurationList;
			buildConfigurations = (
				40F8C43B27A4AB2F006051E0 /* Debug */,
				40F8C43C27A4AB2F006051E0 /* Release */,
			);
			defaultConfigurationIsVisible = 0;
			defaultConfigurationName = Release;
		};
/* End XCConfigurationList section */
	};
	rootObject = 40F8C40227A4AB26006051E0 /* Project object */;
}
